
Microsoft Visual Studio Solution File, Format Version 12.00
Project("{2150E333-8FDC-42A3-9474-1A3956D46DE8}") = "docs", "docs", "{8E87C2A1-513A-4CAB-8B36-C3865AB877D1}"
	ProjectSection(SolutionItems) = preProject
		docs\identity.md = docs\identity.md
		docs\self-ssl.md = docs\self-ssl.md
		docs\appsettings.json = docs\appsettings.json
	EndProjectSection
EndProject
Project("{2150E333-8FDC-42A3-9474-1A3956D46DE8}") = "src", "src", "{C75F7540-1D32-4200-B4F9-8D0473FA94B8}"
EndProject
Project("{2150E333-8FDC-42A3-9474-1A3956D46DE8}") = "Core", "Core", "{84971114-D2AE-41F9-989A-444077DC7A92}"
EndProject
Project("{2150E333-8FDC-42A3-9474-1A3956D46DE8}") = "BuildingBlocks", "BuildingBlocks", "{6EEA3887-1E53-4B3B-B21A-B001BFAD93FB}"
EndProject
Project("{2150E333-8FDC-42A3-9474-1A3956D46DE8}") = "Services", "Services", "{66CF503A-9CEA-46D6-9ADF-3D994E8DFE9A}"
EndProject
Project("{2150E333-8FDC-42A3-9474-1A3956D46DE8}") = "Migrations", "Migrations", "{F13761AC-80ED-4356-A459-BB94154FA838}"
EndProject
Project("{FAE04EC0-301F-11D3-BF4B-00C04F79EFBC}") = "Core.API", "src\Core\Core.API\Core.API.csproj", "{CF98DB27-6111-463F-81C3-848E2C8A3AAD}"
EndProject
Project("{FAE04EC0-301F-11D3-BF4B-00C04F79EFBC}") = "Core.Application", "src\Core\Core.Application\Core.Application.csproj", "{16C3D6D8-92D0-4A78-9CC5-B13E8FCAA0AD}"
EndProject
Project("{FAE04EC0-301F-11D3-BF4B-00C04F79EFBC}") = "Core.Domain", "src\Core\Core.Domain\Core.Domain.csproj", "{0EB74488-DBE2-4124-98AE-C36751AF2DC6}"
EndProject
Project("{FAE04EC0-301F-11D3-BF4B-00C04F79EFBC}") = "Core.Infrastructure", "src\Core\Core.Infrastructure\Core.Infrastructure.csproj", "{39F4DF5D-33B3-4B94-A9A6-D444DC6F9E7E}"
EndProject
Project("{FAE04EC0-301F-11D3-BF4B-00C04F79EFBC}") = "Migrations.Core", "src\Services\Migrations\Migrations.Core\Migrations.Core.csproj", "{ED38797F-8C0D-496F-BAEC-BE79BA4ED95B}"
EndProject
Project("{FAE04EC0-301F-11D3-BF4B-00C04F79EFBC}") = "BuildingBlocks.Domain", "src\BuildingBlocks\BuildingBlocks.Domain\BuildingBlocks.Domain.csproj", "{07C239A4-3C98-4F0E-9809-24B68DAA2490}"
EndProject
Project("{2150E333-8FDC-42A3-9474-1A3956D46DE8}") = "Identity", "Identity", "{97A33C40-1CBE-4076-B16D-D24C9A7598A2}"
EndProject
Project("{FAE04EC0-301F-11D3-BF4B-00C04F79EFBC}") = "Identity.API", "src\Services\Identity\Identity.API\Identity.API.csproj", "{8083516E-3237-431D-9CA0-72A725DBF1F1}"
EndProject
Project("{FAE04EC0-301F-11D3-BF4B-00C04F79EFBC}") = "Identity.Web", "src\Services\Identity\Identity.Web\Identity.Web.csproj", "{5ACF3EB6-1354-41D4-8A59-159E4951274A}"
EndProject
Project("{2150E333-8FDC-42A3-9474-1A3956D46DE8}") = "deploy", "deploy", "{1998AB9F-AAB6-4967-B9C9-0DA8CDF971D6}"
EndProject
Project("{2150E333-8FDC-42A3-9474-1A3956D46DE8}") = "k8s", "k8s", "{1334D429-291B-47E4-9EE3-7364D7A09A4D}"
	ProjectSection(SolutionItems) = preProject
		deploy\k8s\todo-first-step-k8s.md = deploy\k8s\todo-first-step-k8s.md
		deploy\k8s\todo-first-commands.md = deploy\k8s\todo-first-commands.md
	EndProjectSection
EndProject
Project("{2150E333-8FDC-42A3-9474-1A3956D46DE8}") = "devops", "devops", "{987A68D6-0F0D-40A7-A417-4F6ED60064C2}"
	ProjectSection(SolutionItems) = preProject
		docs\devops\traefik-install.md = docs\devops\traefik-install.md
		docs\devops\traefik-install-doc.md = docs\devops\traefik-install-doc.md
	EndProjectSection
EndProject
Global
	GlobalSection(SolutionConfigurationPlatforms) = preSolution
		Debug|Any CPU = Debug|Any CPU
		Release|Any CPU = Release|Any CPU
	EndGlobalSection
	GlobalSection(NestedProjects) = preSolution
		{84971114-D2AE-41F9-989A-444077DC7A92} = {C75F7540-1D32-4200-B4F9-8D0473FA94B8}
		{6EEA3887-1E53-4B3B-B21A-B001BFAD93FB} = {C75F7540-1D32-4200-B4F9-8D0473FA94B8}
		{66CF503A-9CEA-46D6-9ADF-3D994E8DFE9A} = {C75F7540-1D32-4200-B4F9-8D0473FA94B8}
		{F13761AC-80ED-4356-A459-BB94154FA838} = {66CF503A-9CEA-46D6-9ADF-3D994E8DFE9A}
		{CF98DB27-6111-463F-81C3-848E2C8A3AAD} = {84971114-D2AE-41F9-989A-444077DC7A92}
		{16C3D6D8-92D0-4A78-9CC5-B13E8FCAA0AD} = {84971114-D2AE-41F9-989A-444077DC7A92}
		{0EB74488-DBE2-4124-98AE-C36751AF2DC6} = {84971114-D2AE-41F9-989A-444077DC7A92}
		{39F4DF5D-33B3-4B94-A9A6-D444DC6F9E7E} = {84971114-D2AE-41F9-989A-444077DC7A92}
		{ED38797F-8C0D-496F-BAEC-BE79BA4ED95B} = {F13761AC-80ED-4356-A459-BB94154FA838}
		{07C239A4-3C98-4F0E-9809-24B68DAA2490} = {6EEA3887-1E53-4B3B-B21A-B001BFAD93FB}
		{97A33C40-1CBE-4076-B16D-D24C9A7598A2} = {66CF503A-9CEA-46D6-9ADF-3D994E8DFE9A}
		{8083516E-3237-431D-9CA0-72A725DBF1F1} = {97A33C40-1CBE-4076-B16D-D24C9A7598A2}
		{5ACF3EB6-1354-41D4-8A59-159E4951274A} = {97A33C40-1CBE-4076-B16D-D24C9A7598A2}
		{1334D429-291B-47E4-9EE3-7364D7A09A4D} = {1998AB9F-AAB6-4967-B9C9-0DA8CDF971D6}
		{987A68D6-0F0D-40A7-A417-4F6ED60064C2} = {8E87C2A1-513A-4CAB-8B36-C3865AB877D1}
	EndGlobalSection
	GlobalSection(ProjectConfigurationPlatforms) = postSolution
		{CF98DB27-6111-463F-81C3-848E2C8A3AAD}.Debug|Any CPU.ActiveCfg = Debug|Any CPU
		{CF98DB27-6111-463F-81C3-848E2C8A3AAD}.Debug|Any CPU.Build.0 = Debug|Any CPU
		{CF98DB27-6111-463F-81C3-848E2C8A3AAD}.Release|Any CPU.ActiveCfg = Release|Any CPU
		{CF98DB27-6111-463F-81C3-848E2C8A3AAD}.Release|Any CPU.Build.0 = Release|Any CPU
		{16C3D6D8-92D0-4A78-9CC5-B13E8FCAA0AD}.Debug|Any CPU.ActiveCfg = Debug|Any CPU
		{16C3D6D8-92D0-4A78-9CC5-B13E8FCAA0AD}.Debug|Any CPU.Build.0 = Debug|Any CPU
		{16C3D6D8-92D0-4A78-9CC5-B13E8FCAA0AD}.Release|Any CPU.ActiveCfg = Release|Any CPU
		{16C3D6D8-92D0-4A78-9CC5-B13E8FCAA0AD}.Release|Any CPU.Build.0 = Release|Any CPU
		{0EB74488-DBE2-4124-98AE-C36751AF2DC6}.Debug|Any CPU.ActiveCfg = Debug|Any CPU
		{0EB74488-DBE2-4124-98AE-C36751AF2DC6}.Debug|Any CPU.Build.0 = Debug|Any CPU
		{0EB74488-DBE2-4124-98AE-C36751AF2DC6}.Release|Any CPU.ActiveCfg = Release|Any CPU
		{0EB74488-DBE2-4124-98AE-C36751AF2DC6}.Release|Any CPU.Build.0 = Release|Any CPU
		{39F4DF5D-33B3-4B94-A9A6-D444DC6F9E7E}.Debug|Any CPU.ActiveCfg = Debug|Any CPU
		{39F4DF5D-33B3-4B94-A9A6-D444DC6F9E7E}.Debug|Any CPU.Build.0 = Debug|Any CPU
		{39F4DF5D-33B3-4B94-A9A6-D444DC6F9E7E}.Release|Any CPU.ActiveCfg = Release|Any CPU
		{39F4DF5D-33B3-4B94-A9A6-D444DC6F9E7E}.Release|Any CPU.Build.0 = Release|Any CPU
		{ED38797F-8C0D-496F-BAEC-BE79BA4ED95B}.Debug|Any CPU.ActiveCfg = Debug|Any CPU
		{ED38797F-8C0D-496F-BAEC-BE79BA4ED95B}.Debug|Any CPU.Build.0 = Debug|Any CPU
		{ED38797F-8C0D-496F-BAEC-BE79BA4ED95B}.Release|Any CPU.ActiveCfg = Release|Any CPU
		{ED38797F-8C0D-496F-BAEC-BE79BA4ED95B}.Release|Any CPU.Build.0 = Release|Any CPU
		{07C239A4-3C98-4F0E-9809-24B68DAA2490}.Debug|Any CPU.ActiveCfg = Debug|Any CPU
		{07C239A4-3C98-4F0E-9809-24B68DAA2490}.Debug|Any CPU.Build.0 = Debug|Any CPU
		{07C239A4-3C98-4F0E-9809-24B68DAA2490}.Release|Any CPU.ActiveCfg = Release|Any CPU
		{07C239A4-3C98-4F0E-9809-24B68DAA2490}.Release|Any CPU.Build.0 = Release|Any CPU
		{8083516E-3237-431D-9CA0-72A725DBF1F1}.Debug|Any CPU.ActiveCfg = Debug|Any CPU
		{8083516E-3237-431D-9CA0-72A725DBF1F1}.Debug|Any CPU.Build.0 = Debug|Any CPU
		{8083516E-3237-431D-9CA0-72A725DBF1F1}.Release|Any CPU.ActiveCfg = Release|Any CPU
		{8083516E-3237-431D-9CA0-72A725DBF1F1}.Release|Any CPU.Build.0 = Release|Any CPU
		{5ACF3EB6-1354-41D4-8A59-159E4951274A}.Debug|Any CPU.ActiveCfg = Debug|Any CPU
		{5ACF3EB6-1354-41D4-8A59-159E4951274A}.Debug|Any CPU.Build.0 = Debug|Any CPU
		{5ACF3EB6-1354-41D4-8A59-159E4951274A}.Release|Any CPU.ActiveCfg = Release|Any CPU
		{5ACF3EB6-1354-41D4-8A59-159E4951274A}.Release|Any CPU.Build.0 = Release|Any CPU
	EndGlobalSection
EndGlobal
